
Microsoft Visual Studio Solution File, Format Version 12.00
# Visual Studio 15
VisualStudioVersion = 15.0.27130.2010
MinimumVisualStudioVersion = 10.0.40219.1
Project("{FAE04EC0-301F-11D3-BF4B-00C04F79EFBC}") = "TypeScriptDyn365.Demo", "TypeScriptDyn365.Demo\TypeScriptDyn365.Demo.csproj", "{15A19242-A6B2-4F6F-88F0-5A6743097A3D}"
EndProject
Global
	GlobalSection(SolutionConfigurationPlatforms) = preSolution
		Debug|Any CPU = Debug|Any CPU
		Release|Any CPU = Release|Any CPU
	EndGlobalSection
	GlobalSection(ProjectConfigurationPlatforms) = postSolution
		{15A19242-A6B2-4F6F-88F0-5A6743097A3D}.Debug|Any CPU.ActiveCfg = Debug|Any CPU
		{15A19242-A6B2-4F6F-88F0-5A6743097A3D}.Debug|Any CPU.Build.0 = Debug|Any CPU
		{15A19242-A6B2-4F6F-88F0-5A6743097A3D}.Release|Any CPU.ActiveCfg = Release|Any CPU
		{15A19242-A6B2-4F6F-88F0-5A6743097A3D}.Release|Any CPU.Build.0 = Release|Any CPU
	EndGlobalSection
	GlobalSection(SolutionProperties) = preSolution
		HideSolutionNode = FALSE
	EndGlobalSection
	GlobalSection(ExtensibilityGlobals) = postSolution
		SolutionGuid = {6CB8BE56-BEBB-4DD0-B164-BA68C69DE152}
	EndGlobalSection
EndGlobal
